// !$*UTF8*$!
{
	archiveVersion = 1;
	classes = {
	};
	objectVersion = 56;
	objects = {

/* Begin PBXBuildFile section */
		7D0DEFB62CD6488A0076C81B /* E_IdentityApp.swift in Sources */ = {isa = PBXBuildFile; fileRef = 7D0DEFB52CD6488A0076C81B /* E_IdentityApp.swift */; };
		7D0DEFB82CD6488A0076C81B /* ContentView.swift in Sources */ = {isa = PBXBuildFile; fileRef = 7D0DEFB72CD6488A0076C81B /* ContentView.swift */; };
		7D0DEFBA2CD6488C0076C81B /* Assets.xcassets in Resources */ = {isa = PBXBuildFile; fileRef = 7D0DEFB92CD6488C0076C81B /* Assets.xcassets */; };
		7D0DEFBD2CD6488C0076C81B /* Preview Assets.xcassets in Resources */ = {isa = PBXBuildFile; fileRef = 7D0DEFBC2CD6488C0076C81B /* Preview Assets.xcassets */; };
		7D0DEFC72CD6488C0076C81B /* E_IdentityTests.swift in Sources */ = {isa = PBXBuildFile; fileRef = 7D0DEFC62CD6488C0076C81B /* E_IdentityTests.swift */; };
		7D0DEFD12CD6488C0076C81B /* E_IdentityUITests.swift in Sources */ = {isa = PBXBuildFile; fileRef = 7D0DEFD02CD6488C0076C81B /* E_IdentityUITests.swift */; };
		7D0DEFD32CD6488C0076C81B /* E_IdentityUITestsLaunchTests.swift in Sources */ = {isa = PBXBuildFile; fileRef = 7D0DEFD22CD6488C0076C81B /* E_IdentityUITestsLaunchTests.swift */; };
		7D0DEFE02CD649690076C81B /* LoginRegisterController.swift in Sources */ = {isa = PBXBuildFile; fileRef = 7D0DEFDF2CD649690076C81B /* LoginRegisterController.swift */; };
		7D0DEFE72CD64B120076C81B /* Localizable.strings in Resources */ = {isa = PBXBuildFile; fileRef = 7D0DEFE52CD64B120076C81B /* Localizable.strings */; };
		7D0DEFEB2CD64E7D0076C81B /* Colors.swift in Sources */ = {isa = PBXBuildFile; fileRef = 7D0DEFEA2CD64E7D0076C81B /* Colors.swift */; };
/* End PBXBuildFile section */

/* Begin PBXContainerItemProxy section */
		7D0DEFC32CD6488C0076C81B /* PBXContainerItemProxy */ = {
			isa = PBXContainerItemProxy;
			containerPortal = 7D0DEFAA2CD6488A0076C81B /* Project object */;
			proxyType = 1;
			remoteGlobalIDString = 7D0DEFB12CD6488A0076C81B;
			remoteInfo = "E-Identity";
		};
		7D0DEFCD2CD6488C0076C81B /* PBXContainerItemProxy */ = {
			isa = PBXContainerItemProxy;
			containerPortal = 7D0DEFAA2CD6488A0076C81B /* Project object */;
			proxyType = 1;
			remoteGlobalIDString = 7D0DEFB12CD6488A0076C81B;
			remoteInfo = "E-Identity";
		};
/* End PBXContainerItemProxy section */

/* Begin PBXFileReference section */
		7D0DEFB22CD6488A0076C81B /* E-Identity.app */ = {isa = PBXFileReference; explicitFileType = wrapper.application; includeInIndex = 0; path = "E-Identity.app"; sourceTree = BUILT_PRODUCTS_DIR; };
		7D0DEFB52CD6488A0076C81B /* E_IdentityApp.swift */ = {isa = PBXFileReference; lastKnownFileType = sourcecode.swift; path = E_IdentityApp.swift; sourceTree = "<group>"; };
		7D0DEFB72CD6488A0076C81B /* ContentView.swift */ = {isa = PBXFileReference; lastKnownFileType = sourcecode.swift; path = ContentView.swift; sourceTree = "<group>"; };
		7D0DEFB92CD6488C0076C81B /* Assets.xcassets */ = {isa = PBXFileReference; lastKnownFileType = folder.assetcatalog; path = Assets.xcassets; sourceTree = "<group>"; };
		7D0DEFBC2CD6488C0076C81B /* Preview Assets.xcassets */ = {isa = PBXFileReference; lastKnownFileType = folder.assetcatalog; path = "Preview Assets.xcassets"; sourceTree = "<group>"; };
		7D0DEFC22CD6488C0076C81B /* E-IdentityTests.xctest */ = {isa = PBXFileReference; explicitFileType = wrapper.cfbundle; includeInIndex = 0; path = "E-IdentityTests.xctest"; sourceTree = BUILT_PRODUCTS_DIR; };
		7D0DEFC62CD6488C0076C81B /* E_IdentityTests.swift */ = {isa = PBXFileReference; lastKnownFileType = sourcecode.swift; path = E_IdentityTests.swift; sourceTree = "<group>"; };
		7D0DEFCC2CD6488C0076C81B /* E-IdentityUITests.xctest */ = {isa = PBXFileReference; explicitFileType = wrapper.cfbundle; includeInIndex = 0; path = "E-IdentityUITests.xctest"; sourceTree = BUILT_PRODUCTS_DIR; };
		7D0DEFD02CD6488C0076C81B /* E_IdentityUITests.swift */ = {isa = PBXFileReference; lastKnownFileType = sourcecode.swift; path = E_IdentityUITests.swift; sourceTree = "<group>"; };
		7D0DEFD22CD6488C0076C81B /* E_IdentityUITestsLaunchTests.swift */ = {isa = PBXFileReference; lastKnownFileType = sourcecode.swift; path = E_IdentityUITestsLaunchTests.swift; sourceTree = "<group>"; };
		7D0DEFDF2CD649690076C81B /* LoginRegisterController.swift */ = {isa = PBXFileReference; lastKnownFileType = sourcecode.swift; path = LoginRegisterController.swift; sourceTree = "<group>"; };
		7D0DEFE42CD64A6C0076C81B /* Info.plist */ = {isa = PBXFileReference; lastKnownFileType = text.plist; path = Info.plist; sourceTree = "<group>"; };
		7D0DEFE62CD64B120076C81B /* en */ = {isa = PBXFileReference; lastKnownFileType = text.plist.strings; name = en; path = en.lproj/Localizable.strings; sourceTree = "<group>"; };
		7D0DEFE82CD64B3F0076C81B /* el */ = {isa = PBXFileReference; lastKnownFileType = text.plist.strings; name = el; path = el.lproj/Localizable.strings; sourceTree = "<group>"; };
		7D0DEFEA2CD64E7D0076C81B /* Colors.swift */ = {isa = PBXFileReference; lastKnownFileType = sourcecode.swift; path = Colors.swift; sourceTree = "<group>"; };
/* End PBXFileReference section */

/* Begin PBXFrameworksBuildPhase section */
		7D0DEFAF2CD6488A0076C81B /* Frameworks */ = {
			isa = PBXFrameworksBuildPhase;
			buildActionMask = 2147483647;
			files = (
			);
			runOnlyForDeploymentPostprocessing = 0;
		};
		7D0DEFBF2CD6488C0076C81B /* Frameworks */ = {
			isa = PBXFrameworksBuildPhase;
			buildActionMask = 2147483647;
			files = (
			);
			runOnlyForDeploymentPostprocessing = 0;
		};
		7D0DEFC92CD6488C0076C81B /* Frameworks */ = {
			isa = PBXFrameworksBuildPhase;
			buildActionMask = 2147483647;
			files = (
			);
			runOnlyForDeploymentPostprocessing = 0;
		};
/* End PBXFrameworksBuildPhase section */

/* Begin PBXGroup section */
		7D0DEFA92CD6488A0076C81B = {
			isa = PBXGroup;
			children = (
				7D0DEFB42CD6488A0076C81B /* E-Identity */,
				7D0DEFC52CD6488C0076C81B /* E-IdentityTests */,
				7D0DEFCF2CD6488C0076C81B /* E-IdentityUITests */,
				7D0DEFB32CD6488A0076C81B /* Products */,
			);
			sourceTree = "<group>";
		};
		7D0DEFB32CD6488A0076C81B /* Products */ = {
			isa = PBXGroup;
			children = (
				7D0DEFB22CD6488A0076C81B /* E-Identity.app */,
				7D0DEFC22CD6488C0076C81B /* E-IdentityTests.xctest */,
				7D0DEFCC2CD6488C0076C81B /* E-IdentityUITests.xctest */,
			);
			name = Products;
			sourceTree = "<group>";
		};
		7D0DEFB42CD6488A0076C81B /* E-Identity */ = {
			isa = PBXGroup;
			children = (
				7D0DEFE92CD64E6B0076C81B /* Extensions */,
				7D0DEFE42CD64A6C0076C81B /* Info.plist */,
				7D0DEFB52CD6488A0076C81B /* E_IdentityApp.swift */,
				7D0DEFB72CD6488A0076C81B /* ContentView.swift */,
				7D0DEFDF2CD649690076C81B /* LoginRegisterController.swift */,
				7D0DEFB92CD6488C0076C81B /* Assets.xcassets */,
				7D0DEFE52CD64B120076C81B /* Localizable.strings */,
				7D0DEFBB2CD6488C0076C81B /* Preview Content */,
			);
			path = "E-Identity";
			sourceTree = "<group>";
		};
		7D0DEFBB2CD6488C0076C81B /* Preview Content */ = {
			isa = PBXGroup;
			children = (
				7D0DEFBC2CD6488C0076C81B /* Preview Assets.xcassets */,
			);
			path = "Preview Content";
			sourceTree = "<group>";
		};
		7D0DEFC52CD6488C0076C81B /* E-IdentityTests */ = {
			isa = PBXGroup;
			children = (
				7D0DEFC62CD6488C0076C81B /* E_IdentityTests.swift */,
			);
			path = "E-IdentityTests";
			sourceTree = "<group>";
		};
		7D0DEFCF2CD6488C0076C81B /* E-IdentityUITests */ = {
			isa = PBXGroup;
			children = (
				7D0DEFD02CD6488C0076C81B /* E_IdentityUITests.swift */,
				7D0DEFD22CD6488C0076C81B /* E_IdentityUITestsLaunchTests.swift */,
			);
			path = "E-IdentityUITests";
			sourceTree = "<group>";
		};
		7D0DEFE92CD64E6B0076C81B /* Extensions */ = {
			isa = PBXGroup;
			children = (
				7D0DEFEA2CD64E7D0076C81B /* Colors.swift */,
			);
			path = Extensions;
			sourceTree = "<group>";
		};
/* End PBXGroup section */

/* Begin PBXNativeTarget section */
		7D0DEFB12CD6488A0076C81B /* E-Identity */ = {
			isa = PBXNativeTarget;
			buildConfigurationList = 7D0DEFD62CD6488C0076C81B /* Build configuration list for PBXNativeTarget "E-Identity" */;
			buildPhases = (
				7D0DEFAE2CD6488A0076C81B /* Sources */,
				7D0DEFAF2CD6488A0076C81B /* Frameworks */,
				7D0DEFB02CD6488A0076C81B /* Resources */,
			);
			buildRules = (
			);
			dependencies = (
			);
			name = "E-Identity";
			productName = "E-Identity";
			productReference = 7D0DEFB22CD6488A0076C81B /* E-Identity.app */;
			productType = "com.apple.product-type.application";
		};
		7D0DEFC12CD6488C0076C81B /* E-IdentityTests */ = {
			isa = PBXNativeTarget;
			buildConfigurationList = 7D0DEFD92CD6488C0076C81B /* Build configuration list for PBXNativeTarget "E-IdentityTests" */;
			buildPhases = (
				7D0DEFBE2CD6488C0076C81B /* Sources */,
				7D0DEFBF2CD6488C0076C81B /* Frameworks */,
				7D0DEFC02CD6488C0076C81B /* Resources */,
			);
			buildRules = (
			);
			dependencies = (
				7D0DEFC42CD6488C0076C81B /* PBXTargetDependency */,
			);
			name = "E-IdentityTests";
			productName = "E-IdentityTests";
			productReference = 7D0DEFC22CD6488C0076C81B /* E-IdentityTests.xctest */;
			productType = "com.apple.product-type.bundle.unit-test";
		};
		7D0DEFCB2CD6488C0076C81B /* E-IdentityUITests */ = {
			isa = PBXNativeTarget;
			buildConfigurationList = 7D0DEFDC2CD6488C0076C81B /* Build configuration list for PBXNativeTarget "E-IdentityUITests" */;
			buildPhases = (
				7D0DEFC82CD6488C0076C81B /* Sources */,
				7D0DEFC92CD6488C0076C81B /* Frameworks */,
				7D0DEFCA2CD6488C0076C81B /* Resources */,
			);
			buildRules = (
			);
			dependencies = (
				7D0DEFCE2CD6488C0076C81B /* PBXTargetDependency */,
			);
			name = "E-IdentityUITests";
			productName = "E-IdentityUITests";
			productReference = 7D0DEFCC2CD6488C0076C81B /* E-IdentityUITests.xctest */;
			productType = "com.apple.product-type.bundle.ui-testing";
		};
/* End PBXNativeTarget section */

/* Begin PBXProject section */
		7D0DEFAA2CD6488A0076C81B /* Project object */ = {
			isa = PBXProject;
			attributes = {
				BuildIndependentTargetsInParallel = 1;
				LastSwiftUpdateCheck = 1540;
				LastUpgradeCheck = 1540;
				TargetAttributes = {
					7D0DEFB12CD6488A0076C81B = {
						CreatedOnToolsVersion = 15.4;
					};
					7D0DEFC12CD6488C0076C81B = {
						CreatedOnToolsVersion = 15.4;
						TestTargetID = 7D0DEFB12CD6488A0076C81B;
					};
					7D0DEFCB2CD6488C0076C81B = {
						CreatedOnToolsVersion = 15.4;
						TestTargetID = 7D0DEFB12CD6488A0076C81B;
					};
				};
			};
			buildConfigurationList = 7D0DEFAD2CD6488A0076C81B /* Build configuration list for PBXProject "E-Identity" */;
			compatibilityVersion = "Xcode 14.0";
			developmentRegion = en;
			hasScannedForEncodings = 0;
			knownRegions = (
				en,
				Base,
				el,
			);
			mainGroup = 7D0DEFA92CD6488A0076C81B;
			productRefGroup = 7D0DEFB32CD6488A0076C81B /* Products */;
			projectDirPath = "";
			projectRoot = "";
			targets = (
				7D0DEFB12CD6488A0076C81B /* E-Identity */,
				7D0DEFC12CD6488C0076C81B /* E-IdentityTests */,
				7D0DEFCB2CD6488C0076C81B /* E-IdentityUITests */,
			);
		};
/* End PBXProject section */

/* Begin PBXResourcesBuildPhase section */
		7D0DEFB02CD6488A0076C81B /* Resources */ = {
			isa = PBXResourcesBuildPhase;
			buildActionMask = 2147483647;
			files = (
				7D0DEFBD2CD6488C0076C81B /* Preview Assets.xcassets in Resources */,
				7D0DEFE72CD64B120076C81B /* Localizable.strings in Resources */,
				7D0DEFBA2CD6488C0076C81B /* Assets.xcassets in Resources */,
			);
			runOnlyForDeploymentPostprocessing = 0;
		};
		7D0DEFC02CD6488C0076C81B /* Resources */ = {
			isa = PBXResourcesBuildPhase;
			buildActionMask = 2147483647;
			files = (
			);
			runOnlyForDeploymentPostprocessing = 0;
		};
		7D0DEFCA2CD6488C0076C81B /* Resources */ = {
			isa = PBXResourcesBuildPhase;
			buildActionMask = 2147483647;
			files = (
			);
			runOnlyForDeploymentPostprocessing = 0;
		};
/* End PBXResourcesBuildPhase section */

/* Begin PBXSourcesBuildPhase section */
		7D0DEFAE2CD6488A0076C81B /* Sources */ = {
			isa = PBXSourcesBuildPhase;
			buildActionMask = 2147483647;
			files = (
				7D0DEFE02CD649690076C81B /* LoginRegisterController.swift in Sources */,
				7D0DEFEB2CD64E7D0076C81B /* Colors.swift in Sources */,
				7D0DEFB82CD6488A0076C81B /* ContentView.swift in Sources */,
				7D0DEFB62CD6488A0076C81B /* E_IdentityApp.swift in Sources */,
			);
			runOnlyForDeploymentPostprocessing = 0;
		};
		7D0DEFBE2CD6488C0076C81B /* Sources */ = {
			isa = PBXSourcesBuildPhase;
			buildActionMask = 2147483647;
			files = (
				7D0DEFC72CD6488C0076C81B /* E_IdentityTests.swift in Sources */,
			);
			runOnlyForDeploymentPostprocessing = 0;
		};
		7D0DEFC82CD6488C0076C81B /* Sources */ = {
			isa = PBXSourcesBuildPhase;
			buildActionMask = 2147483647;
			files = (
				7D0DEFD32CD6488C0076C81B /* E_IdentityUITestsLaunchTests.swift in Sources */,
				7D0DEFD12CD6488C0076C81B /* E_IdentityUITests.swift in Sources */,
			);
			runOnlyForDeploymentPostprocessing = 0;
		};
/* End PBXSourcesBuildPhase section */

/* Begin PBXTargetDependency section */
		7D0DEFC42CD6488C0076C81B /* PBXTargetDependency */ = {
			isa = PBXTargetDependency;
			target = 7D0DEFB12CD6488A0076C81B /* E-Identity */;
			targetProxy = 7D0DEFC32CD6488C0076C81B /* PBXContainerItemProxy */;
		};
		7D0DEFCE2CD6488C0076C81B /* PBXTargetDependency */ = {
			isa = PBXTargetDependency;
			target = 7D0DEFB12CD6488A0076C81B /* E-Identity */;
			targetProxy = 7D0DEFCD2CD6488C0076C81B /* PBXContainerItemProxy */;
		};
/* End PBXTargetDependency section */

/* Begin PBXVariantGroup section */
		7D0DEFE52CD64B120076C81B /* Localizable.strings */ = {
			isa = PBXVariantGroup;
			children = (
				7D0DEFE62CD64B120076C81B /* en */,
				7D0DEFE82CD64B3F0076C81B /* el */,
			);
			name = Localizable.strings;
			sourceTree = "<group>";
		};
/* End PBXVariantGroup section */

/* Begin XCBuildConfiguration section */
		7D0DEFD42CD6488C0076C81B /* Debug */ = {
			isa = XCBuildConfiguration;
			buildSettings = {
				ALWAYS_SEARCH_USER_PATHS = NO;
				ASSETCATALOG_COMPILER_GENERATE_SWIFT_ASSET_SYMBOL_EXTENSIONS = YES;
				CLANG_ANALYZER_LOCALIZABILITY_NONLOCALIZED = YES;
				CLANG_ANALYZER_NONNULL = YES;
				CLANG_ANALYZER_NUMBER_OBJECT_CONVERSION = YES_AGGRESSIVE;
				CLANG_CXX_LANGUAGE_STANDARD = "gnu++20";
				CLANG_ENABLE_MODULES = YES;
				CLANG_ENABLE_OBJC_ARC = YES;
				CLANG_ENABLE_OBJC_WEAK = YES;
				CLANG_WARN_BLOCK_CAPTURE_AUTORELEASING = YES;
				CLANG_WARN_BOOL_CONVERSION = YES;
				CLANG_WARN_COMMA = YES;
				CLANG_WARN_CONSTANT_CONVERSION = YES;
				CLANG_WARN_DEPRECATED_OBJC_IMPLEMENTATIONS = YES;
				CLANG_WARN_DIRECT_OBJC_ISA_USAGE = YES_ERROR;
				CLANG_WARN_DOCUMENTATION_COMMENTS = YES;
				CLANG_WARN_EMPTY_BODY = YES;
				CLANG_WARN_ENUM_CONVERSION = YES;
				CLANG_WARN_INFINITE_RECURSION = YES;
				CLANG_WARN_INT_CONVERSION = YES;
				CLANG_WARN_NON_LITERAL_NULL_CONVERSION = YES;
				CLANG_WARN_OBJC_IMPLICIT_RETAIN_SELF = YES;
				CLANG_WARN_OBJC_LITERAL_CONVERSION = YES;
				CLANG_WARN_OBJC_ROOT_CLASS = YES_ERROR;
				CLANG_WARN_QUOTED_INCLUDE_IN_FRAMEWORK_HEADER = YES;
				CLANG_WARN_RANGE_LOOP_ANALYSIS = YES;
				CLANG_WARN_STRICT_PROTOTYPES = YES;
				CLANG_WARN_SUSPICIOUS_MOVE = YES;
				CLANG_WARN_UNGUARDED_AVAILABILITY = YES_AGGRESSIVE;
				CLANG_WARN_UNREACHABLE_CODE = YES;
				CLANG_WARN__DUPLICATE_METHOD_MATCH = YES;
				COPY_PHASE_STRIP = NO;
				DEBUG_INFORMATION_FORMAT = dwarf;
				ENABLE_STRICT_OBJC_MSGSEND = YES;
				ENABLE_TESTABILITY = YES;
				ENABLE_USER_SCRIPT_SANDBOXING = YES;
				GCC_C_LANGUAGE_STANDARD = gnu17;
				GCC_DYNAMIC_NO_PIC = NO;
				GCC_NO_COMMON_BLOCKS = YES;
				GCC_OPTIMIZATION_LEVEL = 0;
				GCC_PREPROCESSOR_DEFINITIONS = (
					"DEBUG=1",
					"$(inherited)",
				);
				GCC_WARN_64_TO_32_BIT_CONVERSION = YES;
				GCC_WARN_ABOUT_RETURN_TYPE = YES_ERROR;
				GCC_WARN_UNDECLARED_SELECTOR = YES;
				GCC_WARN_UNINITIALIZED_AUTOS = YES_AGGRESSIVE;
				GCC_WARN_UNUSED_FUNCTION = YES;
				GCC_WARN_UNUSED_VARIABLE = YES;
				IPHONEOS_DEPLOYMENT_TARGET = 17.5;
				LOCALIZATION_PREFERS_STRING_CATALOGS = YES;
				MTL_ENABLE_DEBUG_INFO = INCLUDE_SOURCE;
				MTL_FAST_MATH = YES;
				ONLY_ACTIVE_ARCH = YES;
				SDKROOT = iphoneos;
				SWIFT_ACTIVE_COMPILATION_CONDITIONS = "DEBUG $(inherited)";
				SWIFT_OPTIMIZATION_LEVEL = "-Onone";
			};
			name = Debug;
		};
		7D0DEFD52CD6488C0076C81B /* Release */ = {
			isa = XCBuildConfiguration;
			buildSettings = {
				ALWAYS_SEARCH_USER_PATHS = NO;
				ASSETCATALOG_COMPILER_GENERATE_SWIFT_ASSET_SYMBOL_EXTENSIONS = YES;
				CLANG_ANALYZER_LOCALIZABILITY_NONLOCALIZED = YES;
				CLANG_ANALYZER_NONNULL = YES;
				CLANG_ANALYZER_NUMBER_OBJECT_CONVERSION = YES_AGGRESSIVE;
				CLANG_CXX_LANGUAGE_STANDARD = "gnu++20";
				CLANG_ENABLE_MODULES = YES;
				CLANG_ENABLE_OBJC_ARC = YES;
				CLANG_ENABLE_OBJC_WEAK = YES;
				CLANG_WARN_BLOCK_CAPTURE_AUTORELEASING = YES;
				CLANG_WARN_BOOL_CONVERSION = YES;
				CLANG_WARN_COMMA = YES;
				CLANG_WARN_CONSTANT_CONVERSION = YES;
				CLANG_WARN_DEPRECATED_OBJC_IMPLEMENTATIONS = YES;
				CLANG_WARN_DIRECT_OBJC_ISA_USAGE = YES_ERROR;
				CLANG_WARN_DOCUMENTATION_COMMENTS = YES;
				CLANG_WARN_EMPTY_BODY = YES;
				CLANG_WARN_ENUM_CONVERSION = YES;
				CLANG_WARN_INFINITE_RECURSION = YES;
				CLANG_WARN_INT_CONVERSION = YES;
				CLANG_WARN_NON_LITERAL_NULL_CONVERSION = YES;
				CLANG_WARN_OBJC_IMPLICIT_RETAIN_SELF = YES;
				CLANG_WARN_OBJC_LITERAL_CONVERSION = YES;
				CLANG_WARN_OBJC_ROOT_CLASS = YES_ERROR;
				CLANG_WARN_QUOTED_INCLUDE_IN_FRAMEWORK_HEADER = YES;
				CLANG_WARN_RANGE_LOOP_ANALYSIS = YES;
				CLANG_WARN_STRICT_PROTOTYPES = YES;
				CLANG_WARN_SUSPICIOUS_MOVE = YES;
				CLANG_WARN_UNGUARDED_AVAILABILITY = YES_AGGRESSIVE;
				CLANG_WARN_UNREACHABLE_CODE = YES;
				CLANG_WARN__DUPLICATE_METHOD_MATCH = YES;
				COPY_PHASE_STRIP = NO;
				DEBUG_INFORMATION_FORMAT = "dwarf-with-dsym";
				ENABLE_NS_ASSERTIONS = NO;
				ENABLE_STRICT_OBJC_MSGSEND = YES;
				ENABLE_USER_SCRIPT_SANDBOXING = YES;
				GCC_C_LANGUAGE_STANDARD = gnu17;
				GCC_NO_COMMON_BLOCKS = YES;
				GCC_WARN_64_TO_32_BIT_CONVERSION = YES;
				GCC_WARN_ABOUT_RETURN_TYPE = YES_ERROR;
				GCC_WARN_UNDECLARED_SELECTOR = YES;
				GCC_WARN_UNINITIALIZED_AUTOS = YES_AGGRESSIVE;
				GCC_WARN_UNUSED_FUNCTION = YES;
				GCC_WARN_UNUSED_VARIABLE = YES;
				IPHONEOS_DEPLOYMENT_TARGET = 17.5;
				LOCALIZATION_PREFERS_STRING_CATALOGS = YES;
				MTL_ENABLE_DEBUG_INFO = NO;
				MTL_FAST_MATH = YES;
				SDKROOT = iphoneos;
				SWIFT_COMPILATION_MODE = wholemodule;
				VALIDATE_PRODUCT = YES;
			};
			name = Release;
		};
		7D0DEFD72CD6488C0076C81B /* Debug */ = {
			isa = XCBuildConfiguration;
			buildSettings = {
				ASSETCATALOG_COMPILER_APPICON_NAME = AppIcon;
				ASSETCATALOG_COMPILER_GLOBAL_ACCENT_COLOR_NAME = AccentColor;
				CODE_SIGN_STYLE = Automatic;
				CURRENT_PROJECT_VERSION = 1;
				DEVELOPMENT_ASSET_PATHS = "\"E-Identity/Preview Content\"";
				DEVELOPMENT_TEAM = NCHCQ3927G;
				ENABLE_PREVIEWS = YES;
				GENERATE_INFOPLIST_FILE = YES;
				INFOPLIST_FILE = "E-Identity/Info.plist";
				INFOPLIST_KEY_UIApplicationSceneManifest_Generation = YES;
				INFOPLIST_KEY_UIApplicationSupportsIndirectInputEvents = YES;
				INFOPLIST_KEY_UILaunchScreen_Generation = YES;
				INFOPLIST_KEY_UISupportedInterfaceOrientations_iPad = "UIInterfaceOrientationPortrait UIInterfaceOrientationPortraitUpsideDown UIInterfaceOrientationLandscapeLeft UIInterfaceOrientationLandscapeRight";
				INFOPLIST_KEY_UISupportedInterfaceOrientations_iPhone = "UIInterfaceOrientationPortrait UIInterfaceOrientationLandscapeLeft UIInterfaceOrientationLandscapeRight";
				LD_RUNPATH_SEARCH_PATHS = (
					"$(inherited)",
					"@executable_path/Frameworks",
				);
				MARKETING_VERSION = 1.0;
				PRODUCT_BUNDLE_IDENTIFIER = "com.example.E-Identity";
				PRODUCT_NAME = "$(TARGET_NAME)";
				SWIFT_EMIT_LOC_STRINGS = YES;
				SWIFT_VERSION = 5.0;
				TARGETED_DEVICE_FAMILY = "1,2";
			};
			name = Debug;
		};
		7D0DEFD82CD6488C0076C81B /* Release */ = {
			isa = XCBuildConfiguration;
			buildSettings = {
				ASSETCATALOG_COMPILER_APPICON_NAME = AppIcon;
				ASSETCATALOG_COMPILER_GLOBAL_ACCENT_COLOR_NAME = AccentColor;
				CODE_SIGN_STYLE = Automatic;
				CURRENT_PROJECT_VERSION = 1;
				DEVELOPMENT_ASSET_PATHS = "\"E-Identity/Preview Content\"";
				DEVELOPMENT_TEAM = NCHCQ3927G;
				ENABLE_PREVIEWS = YES;
				GENERATE_INFOPLIST_FILE = YES;
				INFOPLIST_FILE = "E-Identity/Info.plist";
				INFOPLIST_KEY_UIApplicationSceneManifest_Generation = YES;
				INFOPLIST_KEY_UIApplicationSupportsIndirectInputEvents = YES;
				INFOPLIST_KEY_UILaunchScreen_Generation = YES;
				INFOPLIST_KEY_UISupportedInterfaceOrientations_iPad = "UIInterfaceOrientationPortrait UIInterfaceOrientationPortraitUpsideDown UIInterfaceOrientationLandscapeLeft UIInterfaceOrientationLandscapeRight";
				INFOPLIST_KEY_UISupportedInterfaceOrientations_iPhone = "UIInterfaceOrientationPortrait UIInterfaceOrientationLandscapeLeft UIInterfaceOrientationLandscapeRight";
				LD_RUNPATH_SEARCH_PATHS = (
					"$(inherited)",
					"@executable_path/Frameworks",
				);
				MARKETING_VERSION = 1.0;
				PRODUCT_BUNDLE_IDENTIFIER = "com.example.E-Identity";
				PRODUCT_NAME = "$(TARGET_NAME)";
				SWIFT_EMIT_LOC_STRINGS = YES;
				SWIFT_VERSION = 5.0;
				TARGETED_DEVICE_FAMILY = "1,2";
			};
			name = Release;
		};
		7D0DEFDA2CD6488C0076C81B /* Debug */ = {
			isa = XCBuildConfiguration;
			buildSettings = {
				ALWAYS_EMBED_SWIFT_STANDARD_LIBRARIES = YES;
				BUNDLE_LOADER = "$(TEST_HOST)";
				CODE_SIGN_STYLE = Automatic;
				CURRENT_PROJECT_VERSION = 1;
				DEVELOPMENT_TEAM = NCHCQ3927G;
				GENERATE_INFOPLIST_FILE = YES;
				IPHONEOS_DEPLOYMENT_TARGET = 17.5;
				MARKETING_VERSION = 1.0;
				PRODUCT_BUNDLE_IDENTIFIER = "com.example.E-IdentityTests";
				PRODUCT_NAME = "$(TARGET_NAME)";
				SWIFT_EMIT_LOC_STRINGS = NO;
				SWIFT_VERSION = 5.0;
				TARGETED_DEVICE_FAMILY = "1,2";
				TEST_HOST = "$(BUILT_PRODUCTS_DIR)/E-Identity.app/$(BUNDLE_EXECUTABLE_FOLDER_PATH)/E-Identity";
			};
			name = Debug;
		};
		7D0DEFDB2CD6488C0076C81B /* Release */ = {
			isa = XCBuildConfiguration;
			buildSettings = {
				ALWAYS_EMBED_SWIFT_STANDARD_LIBRARIES = YES;
				BUNDLE_LOADER = "$(TEST_HOST)";
				CODE_SIGN_STYLE = Automatic;
				CURRENT_PROJECT_VERSION = 1;
				DEVELOPMENT_TEAM = NCHCQ3927G;
				GENERATE_INFOPLIST_FILE = YES;
				IPHONEOS_DEPLOYMENT_TARGET = 17.5;
				MARKETING_VERSION = 1.0;
				PRODUCT_BUNDLE_IDENTIFIER = "com.example.E-IdentityTests";
				PRODUCT_NAME = "$(TARGET_NAME)";
				SWIFT_EMIT_LOC_STRINGS = NO;
				SWIFT_VERSION = 5.0;
				TARGETED_DEVICE_FAMILY = "1,2";
				TEST_HOST = "$(BUILT_PRODUCTS_DIR)/E-Identity.app/$(BUNDLE_EXECUTABLE_FOLDER_PATH)/E-Identity";
			};
			name = Release;
		};
		7D0DEFDD2CD6488C0076C81B /* Debug */ = {
			isa = XCBuildConfiguration;
			buildSettings = {
				ALWAYS_EMBED_SWIFT_STANDARD_LIBRARIES = YES;
				CODE_SIGN_STYLE = Automatic;
				CURRENT_PROJECT_VERSION = 1;
				DEVELOPMENT_TEAM = NCHCQ3927G;
				GENERATE_INFOPLIST_FILE = YES;
				MARKETING_VERSION = 1.0;
				PRODUCT_BUNDLE_IDENTIFIER = "com.example.E-IdentityUITests";
				PRODUCT_NAME = "$(TARGET_NAME)";
				SWIFT_EMIT_LOC_STRINGS = NO;
				SWIFT_VERSION = 5.0;
				TARGETED_DEVICE_FAMILY = "1,2";
				TEST_TARGET_NAME = "E-Identity";
			};
			name = Debug;
		};
		7D0DEFDE2CD6488C0076C81B /* Release */ = {
			isa = XCBuildConfiguration;
			buildSettings = {
				ALWAYS_EMBED_SWIFT_STANDARD_LIBRARIES = YES;
				CODE_SIGN_STYLE = Automatic;
				CURRENT_PROJECT_VERSION = 1;
				DEVELOPMENT_TEAM = NCHCQ3927G;
				GENERATE_INFOPLIST_FILE = YES;
				MARKETING_VERSION = 1.0;
				PRODUCT_BUNDLE_IDENTIFIER = "com.example.E-IdentityUITests";
				PRODUCT_NAME = "$(TARGET_NAME)";
				SWIFT_EMIT_LOC_STRINGS = NO;
				SWIFT_VERSION = 5.0;
				TARGETED_DEVICE_FAMILY = "1,2";
				TEST_TARGET_NAME = "E-Identity";
			};
			name = Release;
		};
/* End XCBuildConfiguration section */

/* Begin XCConfigurationList section */
		7D0DEFAD2CD6488A0076C81B /* Build configuration list for PBXProject "E-Identity" */ = {
			isa = XCConfigurationList;
			buildConfigurations = (
				7D0DEFD42CD6488C0076C81B /* Debug */,
				7D0DEFD52CD6488C0076C81B /* Release */,
			);
			defaultConfigurationIsVisible = 0;
			defaultConfigurationName = Release;
		};
		7D0DEFD62CD6488C0076C81B /* Build configuration list for PBXNativeTarget "E-Identity" */ = {
			isa = XCConfigurationList;
			buildConfigurations = (
				7D0DEFD72CD6488C0076C81B /* Debug */,
				7D0DEFD82CD6488C0076C81B /* Release */,
			);
			defaultConfigurationIsVisible = 0;
			defaultConfigurationName = Release;
		};
		7D0DEFD92CD6488C0076C81B /* Build configuration list for PBXNativeTarget "E-IdentityTests" */ = {
			isa = XCConfigurationList;
			buildConfigurations = (
				7D0DEFDA2CD6488C0076C81B /* Debug */,
				7D0DEFDB2CD6488C0076C81B /* Release */,
			);
			defaultConfigurationIsVisible = 0;
			defaultConfigurationName = Release;
		};
		7D0DEFDC2CD6488C0076C81B /* Build configuration list for PBXNativeTarget "E-IdentityUITests" */ = {
			isa = XCConfigurationList;
			buildConfigurations = (
				7D0DEFDD2CD6488C0076C81B /* Debug */,
				7D0DEFDE2CD6488C0076C81B /* Release */,
			);
			defaultConfigurationIsVisible = 0;
			defaultConfigurationName = Release;
		};
/* End XCConfigurationList section */
	};
	rootObject = 7D0DEFAA2CD6488A0076C81B /* Project object */;
}
